
Microsoft Visual Studio Solution File, Format Version 12.00
# Visual Studio 15
VisualStudioVersion = 15.0.26730.16
MinimumVisualStudioVersion = 10.0.40219.1
Project("{2150E333-8FDC-42A3-9474-1A3956D46DE8}") = "src", "src", "{E3519853-BC4A-4681-951B-87ABA220EFEA}"
EndProject
Project("{9A19103F-16F7-4668-BE54-9A1E7A4F7556}") = "DotNetCoreWebAPI", "src\DotNetCoreWebAPI\DotNetCoreWebAPI.csproj", "{1DF8CA2A-8639-43D6-A898-72C989B81461}"
EndProject
Global
	GlobalSection(SolutionConfigurationPlatforms) = preSolution
		Debug|Any CPU = Debug|Any CPU
		Debug|x64 = Debug|x64
		Debug|x86 = Debug|x86
		Release|Any CPU = Release|Any CPU
		Release|x64 = Release|x64
		Release|x86 = Release|x86
	EndGlobalSection
	GlobalSection(ProjectConfigurationPlatforms) = postSolution
		{1DF8CA2A-8639-43D6-A898-72C989B81461}.Debug|Any CPU.ActiveCfg = Debug|Any CPU
		{1DF8CA2A-8639-43D6-A898-72C989B81461}.Debug|Any CPU.Build.0 = Debug|Any CPU
		{1DF8CA2A-8639-43D6-A898-72C989B81461}.Debug|x64.ActiveCfg = Debug|Any CPU
		{1DF8CA2A-8639-43D6-A898-72C989B81461}.Debug|x64.Build.0 = Debug|Any CPU
		{1DF8CA2A-8639-43D6-A898-72C989B81461}.Debug|x86.ActiveCfg = Debug|Any CPU
		{1DF8CA2A-8639-43D6-A898-72C989B81461}.Debug|x86.Build.0 = Debug|Any CPU
		{1DF8CA2A-8639-43D6-A898-72C989B81461}.Release|Any CPU.ActiveCfg = Release|Any CPU
		{1DF8CA2A-8639-43D6-A898-72C989B81461}.Release|Any CPU.Build.0 = Release|Any CPU
		{1DF8CA2A-8639-43D6-A898-72C989B81461}.Release|x64.ActiveCfg = Release|Any CPU
		{1DF8CA2A-8639-43D6-A898-72C989B81461}.Release|x64.Build.0 = Release|Any CPU
		{1DF8CA2A-8639-43D6-A898-72C989B81461}.Release|x86.ActiveCfg = Release|Any CPU
		{1DF8CA2A-8639-43D6-A898-72C989B81461}.Release|x86.Build.0 = Release|Any CPU
	EndGlobalSection
	GlobalSection(SolutionProperties) = preSolution
		HideSolutionNode = FALSE
	EndGlobalSection
	GlobalSection(NestedProjects) = preSolution
		{1DF8CA2A-8639-43D6-A898-72C989B81461} = {E3519853-BC4A-4681-951B-87ABA220EFEA}
	EndGlobalSection
	GlobalSection(ExtensibilityGlobals) = postSolution
		SolutionGuid = {1C197DC0-57BB-4DE3-B092-C3D7849EA2EA}
	EndGlobalSection
EndGlobal
